// !$*UTF8*$!
{
	archiveVersion = 1;
	classes = {
	};
	objectVersion = 56;
	objects = {

/* Begin PBXBuildFile section */
		0A3F1EA12BA0BB8C0093C14F /* FollowerListVC.swift in Sources */ = {isa = PBXBuildFile; fileRef = 0A3F1EA02BA0BB8C0093C14F /* FollowerListVC.swift */; };
		0A45AC392BA4DBF80092EDDF /* GFTitleLabel.swift in Sources */ = {isa = PBXBuildFile; fileRef = 0A45AC382BA4DBF80092EDDF /* GFTitleLabel.swift */; };
		0A45AC3B2BA4DD720092EDDF /* GFBodyLabel.swift in Sources */ = {isa = PBXBuildFile; fileRef = 0A45AC3A2BA4DD720092EDDF /* GFBodyLabel.swift */; };
		0A45AC3D2BA4DE460092EDDF /* GFAlertVC.swift in Sources */ = {isa = PBXBuildFile; fileRef = 0A45AC3C2BA4DE460092EDDF /* GFAlertVC.swift */; };
		0A45AC3F2BA4E4090092EDDF /* UIViewController+Ext.swift in Sources */ = {isa = PBXBuildFile; fileRef = 0A45AC3E2BA4E4090092EDDF /* UIViewController+Ext.swift */; };
		0A59F6F52BB2DC6700D54C93 /* GFEmptyStateView.swift in Sources */ = {isa = PBXBuildFile; fileRef = 0A59F6F42BB2DC6700D54C93 /* GFEmptyStateView.swift */; };
		0A59F6F72BB3120E00D54C93 /* UserInfoVC.swift in Sources */ = {isa = PBXBuildFile; fileRef = 0A59F6F62BB3120E00D54C93 /* UserInfoVC.swift */; };
		0A59F6F92BB427AF00D54C93 /* GFUserInfoHeaderVC.swift in Sources */ = {isa = PBXBuildFile; fileRef = 0A59F6F82BB427AF00D54C93 /* GFUserInfoHeaderVC.swift */; };
		0A59F6FB2BB4284600D54C93 /* GFSecondaryTitleLabel.swift in Sources */ = {isa = PBXBuildFile; fileRef = 0A59F6FA2BB4284600D54C93 /* GFSecondaryTitleLabel.swift */; };
		0A59F6FD2BB42F1800D54C93 /* Constants.swift in Sources */ = {isa = PBXBuildFile; fileRef = 0A59F6FC2BB42F1800D54C93 /* Constants.swift */; };
		0A59F6FF2BB44C2F00D54C93 /* GFItemInfoView.swift in Sources */ = {isa = PBXBuildFile; fileRef = 0A59F6FE2BB44C2F00D54C93 /* GFItemInfoView.swift */; };
		0A59F7012BB4518800D54C93 /* GFItemInfoVC.swift in Sources */ = {isa = PBXBuildFile; fileRef = 0A59F7002BB4518800D54C93 /* GFItemInfoVC.swift */; };
		0A59F7032BB4557C00D54C93 /* GFRepoItemVC.swift in Sources */ = {isa = PBXBuildFile; fileRef = 0A59F7022BB4557C00D54C93 /* GFRepoItemVC.swift */; };
		0A59F7052BB4576100D54C93 /* GFFollowerItemVC.swift in Sources */ = {isa = PBXBuildFile; fileRef = 0A59F7042BB4576100D54C93 /* GFFollowerItemVC.swift */; };
		0A59F7082BB45A5300D54C93 /* Date+Ext.swift in Sources */ = {isa = PBXBuildFile; fileRef = 0A59F7072BB45A5300D54C93 /* Date+Ext.swift */; };
		0A59F70C2BB46D3800D54C93 /* PersistenceManager.swift in Sources */ = {isa = PBXBuildFile; fileRef = 0A59F70B2BB46D3800D54C93 /* PersistenceManager.swift */; };
		0A689A3E2BA094710001046C /* SnapKit in Frameworks */ = {isa = PBXBuildFile; productRef = 0A689A3D2BA094710001046C /* SnapKit */; };
		0A6D4C192B892E22007532EE /* AppDelegate.swift in Sources */ = {isa = PBXBuildFile; fileRef = 0A6D4C182B892E22007532EE /* AppDelegate.swift */; };
		0A6D4C1B2B892E22007532EE /* SceneDelegate.swift in Sources */ = {isa = PBXBuildFile; fileRef = 0A6D4C1A2B892E22007532EE /* SceneDelegate.swift */; };
		0A6D4C222B892E23007532EE /* Assets.xcassets in Resources */ = {isa = PBXBuildFile; fileRef = 0A6D4C212B892E23007532EE /* Assets.xcassets */; };
		0A6D4C252B892E23007532EE /* LaunchScreen.storyboard in Resources */ = {isa = PBXBuildFile; fileRef = 0A6D4C232B892E23007532EE /* LaunchScreen.storyboard */; };
		0A6D4C2D2B89FB62007532EE /* SearchVC.swift in Sources */ = {isa = PBXBuildFile; fileRef = 0A6D4C2C2B89FB62007532EE /* SearchVC.swift */; };
		0A6D4C2F2B89FB9B007532EE /* FavoritesListVC.swift in Sources */ = {isa = PBXBuildFile; fileRef = 0A6D4C2E2B89FB9B007532EE /* FavoritesListVC.swift */; };
		0A6D4C312B8BEA43007532EE /* GFButton.swift in Sources */ = {isa = PBXBuildFile; fileRef = 0A6D4C302B8BEA43007532EE /* GFButton.swift */; };
		0A6D4C332B8BF930007532EE /* GFTextField.swift in Sources */ = {isa = PBXBuildFile; fileRef = 0A6D4C322B8BF930007532EE /* GFTextField.swift */; };
		0A87F7532BB563B0007321F1 /* FavoriteCell.swift in Sources */ = {isa = PBXBuildFile; fileRef = 0A87F7522BB563B0007321F1 /* FavoriteCell.swift */; };
		0A87F7562BB56E16007321F1 /* GFTabBarController.swift in Sources */ = {isa = PBXBuildFile; fileRef = 0A87F7552BB56E16007321F1 /* GFTabBarController.swift */; };
		0A87F7582BB57B7F007321F1 /* GFAlertContainerView.swift in Sources */ = {isa = PBXBuildFile; fileRef = 0A87F7572BB57B7F007321F1 /* GFAlertContainerView.swift */; };
		0A87F75A2BB583DD007321F1 /* GFDataLoadingVC.swift in Sources */ = {isa = PBXBuildFile; fileRef = 0A87F7592BB583DD007321F1 /* GFDataLoadingVC.swift */; };
		0A87F75C2BB5A470007321F1 /* UIView+Ext.swift in Sources */ = {isa = PBXBuildFile; fileRef = 0A87F75B2BB5A470007321F1 /* UIView+Ext.swift */; };
		0A87F7602BB5B0B2007321F1 /* UITableView+Ext.swift in Sources */ = {isa = PBXBuildFile; fileRef = 0A87F75F2BB5B0B2007321F1 /* UITableView+Ext.swift */; };
		0AFE2A312BB14DFF00E73C44 /* Follower.swift in Sources */ = {isa = PBXBuildFile; fileRef = 0AFE2A302BB14DFF00E73C44 /* Follower.swift */; };
		0AFE2A332BB14EF700E73C44 /* User.swift in Sources */ = {isa = PBXBuildFile; fileRef = 0AFE2A322BB14EF700E73C44 /* User.swift */; };
		0AFE2A362BB1599600E73C44 /* NetworkManager.swift in Sources */ = {isa = PBXBuildFile; fileRef = 0AFE2A352BB1599600E73C44 /* NetworkManager.swift */; };
		0AFE2A392BB1630A00E73C44 /* ErrorMessage.swift in Sources */ = {isa = PBXBuildFile; fileRef = 0AFE2A382BB1630A00E73C44 /* ErrorMessage.swift */; };
		0AFE2A3C2BB16E6800E73C44 /* FollowerCell.swift in Sources */ = {isa = PBXBuildFile; fileRef = 0AFE2A3B2BB16E6800E73C44 /* FollowerCell.swift */; };
		0AFE2A3E2BB16EFA00E73C44 /* GFAvatarImageView.swift in Sources */ = {isa = PBXBuildFile; fileRef = 0AFE2A3D2BB16EFA00E73C44 /* GFAvatarImageView.swift */; };
		0AFE2A402BB1A31000E73C44 /* UIHelper.swift in Sources */ = {isa = PBXBuildFile; fileRef = 0AFE2A3F2BB1A31000E73C44 /* UIHelper.swift */; };
/* End PBXBuildFile section */

/* Begin PBXFileReference section */
		0A3F1EA02BA0BB8C0093C14F /* FollowerListVC.swift */ = {isa = PBXFileReference; lastKnownFileType = sourcecode.swift; path = FollowerListVC.swift; sourceTree = "<group>"; };
		0A45AC382BA4DBF80092EDDF /* GFTitleLabel.swift */ = {isa = PBXFileReference; lastKnownFileType = sourcecode.swift; path = GFTitleLabel.swift; sourceTree = "<group>"; };
		0A45AC3A2BA4DD720092EDDF /* GFBodyLabel.swift */ = {isa = PBXFileReference; lastKnownFileType = sourcecode.swift; path = GFBodyLabel.swift; sourceTree = "<group>"; };
		0A45AC3C2BA4DE460092EDDF /* GFAlertVC.swift */ = {isa = PBXFileReference; lastKnownFileType = sourcecode.swift; path = GFAlertVC.swift; sourceTree = "<group>"; };
		0A45AC3E2BA4E4090092EDDF /* UIViewController+Ext.swift */ = {isa = PBXFileReference; lastKnownFileType = sourcecode.swift; path = "UIViewController+Ext.swift"; sourceTree = "<group>"; };
		0A59F6F42BB2DC6700D54C93 /* GFEmptyStateView.swift */ = {isa = PBXFileReference; lastKnownFileType = sourcecode.swift; path = GFEmptyStateView.swift; sourceTree = "<group>"; };
		0A59F6F62BB3120E00D54C93 /* UserInfoVC.swift */ = {isa = PBXFileReference; lastKnownFileType = sourcecode.swift; path = UserInfoVC.swift; sourceTree = "<group>"; };
		0A59F6F82BB427AF00D54C93 /* GFUserInfoHeaderVC.swift */ = {isa = PBXFileReference; lastKnownFileType = sourcecode.swift; path = GFUserInfoHeaderVC.swift; sourceTree = "<group>"; };
		0A59F6FA2BB4284600D54C93 /* GFSecondaryTitleLabel.swift */ = {isa = PBXFileReference; lastKnownFileType = sourcecode.swift; path = GFSecondaryTitleLabel.swift; sourceTree = "<group>"; };
		0A59F6FC2BB42F1800D54C93 /* Constants.swift */ = {isa = PBXFileReference; lastKnownFileType = sourcecode.swift; path = Constants.swift; sourceTree = "<group>"; };
		0A59F6FE2BB44C2F00D54C93 /* GFItemInfoView.swift */ = {isa = PBXFileReference; lastKnownFileType = sourcecode.swift; path = GFItemInfoView.swift; sourceTree = "<group>"; };
		0A59F7002BB4518800D54C93 /* GFItemInfoVC.swift */ = {isa = PBXFileReference; lastKnownFileType = sourcecode.swift; path = GFItemInfoVC.swift; sourceTree = "<group>"; };
		0A59F7022BB4557C00D54C93 /* GFRepoItemVC.swift */ = {isa = PBXFileReference; lastKnownFileType = sourcecode.swift; path = GFRepoItemVC.swift; sourceTree = "<group>"; };
		0A59F7042BB4576100D54C93 /* GFFollowerItemVC.swift */ = {isa = PBXFileReference; lastKnownFileType = sourcecode.swift; path = GFFollowerItemVC.swift; sourceTree = "<group>"; };
		0A59F7072BB45A5300D54C93 /* Date+Ext.swift */ = {isa = PBXFileReference; lastKnownFileType = sourcecode.swift; path = "Date+Ext.swift"; sourceTree = "<group>"; };
		0A59F70B2BB46D3800D54C93 /* PersistenceManager.swift */ = {isa = PBXFileReference; lastKnownFileType = sourcecode.swift; path = PersistenceManager.swift; sourceTree = "<group>"; };
		0A6D4C152B892E22007532EE /* GHFollowers.app */ = {isa = PBXFileReference; explicitFileType = wrapper.application; includeInIndex = 0; path = GHFollowers.app; sourceTree = BUILT_PRODUCTS_DIR; };
		0A6D4C182B892E22007532EE /* AppDelegate.swift */ = {isa = PBXFileReference; lastKnownFileType = sourcecode.swift; path = AppDelegate.swift; sourceTree = "<group>"; };
		0A6D4C1A2B892E22007532EE /* SceneDelegate.swift */ = {isa = PBXFileReference; lastKnownFileType = sourcecode.swift; path = SceneDelegate.swift; sourceTree = "<group>"; };
		0A6D4C212B892E23007532EE /* Assets.xcassets */ = {isa = PBXFileReference; lastKnownFileType = folder.assetcatalog; path = Assets.xcassets; sourceTree = "<group>"; };
		0A6D4C242B892E23007532EE /* Base */ = {isa = PBXFileReference; lastKnownFileType = file.storyboard; name = Base; path = Base.lproj/LaunchScreen.storyboard; sourceTree = "<group>"; };
		0A6D4C262B892E23007532EE /* Info.plist */ = {isa = PBXFileReference; lastKnownFileType = text.plist.xml; path = Info.plist; sourceTree = "<group>"; };
		0A6D4C2C2B89FB62007532EE /* SearchVC.swift */ = {isa = PBXFileReference; lastKnownFileType = sourcecode.swift; path = SearchVC.swift; sourceTree = "<group>"; };
		0A6D4C2E2B89FB9B007532EE /* FavoritesListVC.swift */ = {isa = PBXFileReference; lastKnownFileType = sourcecode.swift; path = FavoritesListVC.swift; sourceTree = "<group>"; };
		0A6D4C302B8BEA43007532EE /* GFButton.swift */ = {isa = PBXFileReference; lastKnownFileType = sourcecode.swift; path = GFButton.swift; sourceTree = "<group>"; };
		0A6D4C322B8BF930007532EE /* GFTextField.swift */ = {isa = PBXFileReference; lastKnownFileType = sourcecode.swift; path = GFTextField.swift; sourceTree = "<group>"; };
		0A87F7522BB563B0007321F1 /* FavoriteCell.swift */ = {isa = PBXFileReference; lastKnownFileType = sourcecode.swift; path = FavoriteCell.swift; sourceTree = "<group>"; };
		0A87F7552BB56E16007321F1 /* GFTabBarController.swift */ = {isa = PBXFileReference; lastKnownFileType = sourcecode.swift; path = GFTabBarController.swift; sourceTree = "<group>"; };
		0A87F7572BB57B7F007321F1 /* GFAlertContainerView.swift */ = {isa = PBXFileReference; lastKnownFileType = sourcecode.swift; path = GFAlertContainerView.swift; sourceTree = "<group>"; };
		0A87F7592BB583DD007321F1 /* GFDataLoadingVC.swift */ = {isa = PBXFileReference; lastKnownFileType = sourcecode.swift; path = GFDataLoadingVC.swift; sourceTree = "<group>"; };
		0A87F75B2BB5A470007321F1 /* UIView+Ext.swift */ = {isa = PBXFileReference; lastKnownFileType = sourcecode.swift; path = "UIView+Ext.swift"; sourceTree = "<group>"; };
		0A87F75F2BB5B0B2007321F1 /* UITableView+Ext.swift */ = {isa = PBXFileReference; lastKnownFileType = sourcecode.swift; path = "UITableView+Ext.swift"; sourceTree = "<group>"; };
		0AFE2A302BB14DFF00E73C44 /* Follower.swift */ = {isa = PBXFileReference; lastKnownFileType = sourcecode.swift; path = Follower.swift; sourceTree = "<group>"; };
		0AFE2A322BB14EF700E73C44 /* User.swift */ = {isa = PBXFileReference; lastKnownFileType = sourcecode.swift; path = User.swift; sourceTree = "<group>"; };
		0AFE2A352BB1599600E73C44 /* NetworkManager.swift */ = {isa = PBXFileReference; lastKnownFileType = sourcecode.swift; path = NetworkManager.swift; sourceTree = "<group>"; };
		0AFE2A382BB1630A00E73C44 /* ErrorMessage.swift */ = {isa = PBXFileReference; lastKnownFileType = sourcecode.swift; path = ErrorMessage.swift; sourceTree = "<group>"; };
		0AFE2A3B2BB16E6800E73C44 /* FollowerCell.swift */ = {isa = PBXFileReference; lastKnownFileType = sourcecode.swift; path = FollowerCell.swift; sourceTree = "<group>"; };
		0AFE2A3D2BB16EFA00E73C44 /* GFAvatarImageView.swift */ = {isa = PBXFileReference; lastKnownFileType = sourcecode.swift; path = GFAvatarImageView.swift; sourceTree = "<group>"; };
		0AFE2A3F2BB1A31000E73C44 /* UIHelper.swift */ = {isa = PBXFileReference; lastKnownFileType = sourcecode.swift; path = UIHelper.swift; sourceTree = "<group>"; };
/* End PBXFileReference section */

/* Begin PBXFrameworksBuildPhase section */
		0A6D4C122B892E22007532EE /* Frameworks */ = {
			isa = PBXFrameworksBuildPhase;
			buildActionMask = 2147483647;
			files = (
				0A689A3E2BA094710001046C /* SnapKit in Frameworks */,
			);
			runOnlyForDeploymentPostprocessing = 0;
		};
/* End PBXFrameworksBuildPhase section */

/* Begin PBXGroup section */
		0A59F6EE2BB2DBAC00D54C93 /* Views */ = {
			isa = PBXGroup;
			children = (
				0A59F6F42BB2DC6700D54C93 /* GFEmptyStateView.swift */,
				0A59F6FE2BB44C2F00D54C93 /* GFItemInfoView.swift */,
				0A87F7572BB57B7F007321F1 /* GFAlertContainerView.swift */,
			);
			path = Views;
			sourceTree = "<group>";
		};
		0A59F6EF2BB2DBB400D54C93 /* Buttons */ = {
			isa = PBXGroup;
			children = (
				0A6D4C302B8BEA43007532EE /* GFButton.swift */,
			);
			path = Buttons;
			sourceTree = "<group>";
		};
		0A59F6F02BB2DBBA00D54C93 /* ImageViews */ = {
			isa = PBXGroup;
			children = (
				0AFE2A3D2BB16EFA00E73C44 /* GFAvatarImageView.swift */,
			);
			path = ImageViews;
			sourceTree = "<group>";
		};
		0A59F6F12BB2DBC800D54C93 /* ViewControllers */ = {
			isa = PBXGroup;
			children = (
				0A59F7062BB457BC00D54C93 /* ItemInfoVCs */,
				0A45AC3C2BA4DE460092EDDF /* GFAlertVC.swift */,
				0A59F6F82BB427AF00D54C93 /* GFUserInfoHeaderVC.swift */,
				0A87F7592BB583DD007321F1 /* GFDataLoadingVC.swift */,
			);
			path = ViewControllers;
			sourceTree = "<group>";
		};
		0A59F6F22BB2DBD400D54C93 /* TextFields */ = {
			isa = PBXGroup;
			children = (
				0A6D4C322B8BF930007532EE /* GFTextField.swift */,
			);
			path = TextFields;
			sourceTree = "<group>";
		};
		0A59F6F32BB2DC0F00D54C93 /* Labels */ = {
			isa = PBXGroup;
			children = (
				0A45AC3A2BA4DD720092EDDF /* GFBodyLabel.swift */,
				0A45AC382BA4DBF80092EDDF /* GFTitleLabel.swift */,
				0A59F6FA2BB4284600D54C93 /* GFSecondaryTitleLabel.swift */,
			);
			path = Labels;
			sourceTree = "<group>";
		};
		0A59F7062BB457BC00D54C93 /* ItemInfoVCs */ = {
			isa = PBXGroup;
			children = (
				0A59F7002BB4518800D54C93 /* GFItemInfoVC.swift */,
				0A59F7042BB4576100D54C93 /* GFFollowerItemVC.swift */,
				0A59F7022BB4557C00D54C93 /* GFRepoItemVC.swift */,
			);
			path = ItemInfoVCs;
			sourceTree = "<group>";
		};
		0A6D4C0C2B892E22007532EE = {
			isa = PBXGroup;
			children = (
				0A6D4C172B892E22007532EE /* GHFollowers */,
				0A6D4C162B892E22007532EE /* Products */,
			);
			sourceTree = "<group>";
		};
		0A6D4C162B892E22007532EE /* Products */ = {
			isa = PBXGroup;
			children = (
				0A6D4C152B892E22007532EE /* GHFollowers.app */,
			);
			name = Products;
			sourceTree = "<group>";
		};
		0A6D4C172B892E22007532EE /* GHFollowers */ = {
			isa = PBXGroup;
			children = (
				0AFE2A372BB162F100E73C44 /* Utilities */,
				0AFE2A342BB1598700E73C44 /* Managers */,
				0AFE2A2F2BB14DEB00E73C44 /* Model */,
				0A951BB52BB0B6E00038A1CE /* Extensions */,
				0A951BB42BB0B6A30038A1CE /* CustomViews */,
				0A951BB32BB0B6490038A1CE /* Screens */,
				0A951BB62BB0B71C0038A1CE /* Support */,
				0A6D4C262B892E23007532EE /* Info.plist */,
			);
			path = GHFollowers;
			sourceTree = "<group>";
		};
		0A87F7542BB56DEA007321F1 /* TabBarControllers */ = {
			isa = PBXGroup;
			children = (
				0A87F7552BB56E16007321F1 /* GFTabBarController.swift */,
			);
			path = TabBarControllers;
			sourceTree = "<group>";
		};
		0A951BB32BB0B6490038A1CE /* Screens */ = {
			isa = PBXGroup;
			children = (
				0A6D4C2C2B89FB62007532EE /* SearchVC.swift */,
				0A6D4C2E2B89FB9B007532EE /* FavoritesListVC.swift */,
				0A3F1EA02BA0BB8C0093C14F /* FollowerListVC.swift */,
				0A59F6F62BB3120E00D54C93 /* UserInfoVC.swift */,
			);
			path = Screens;
			sourceTree = "<group>";
		};
		0A951BB42BB0B6A30038A1CE /* CustomViews */ = {
			isa = PBXGroup;
			children = (
				0A87F7542BB56DEA007321F1 /* TabBarControllers */,
				0A59F6F32BB2DC0F00D54C93 /* Labels */,
				0A59F6F22BB2DBD400D54C93 /* TextFields */,
				0A59F6F12BB2DBC800D54C93 /* ViewControllers */,
				0A59F6F02BB2DBBA00D54C93 /* ImageViews */,
				0A59F6EF2BB2DBB400D54C93 /* Buttons */,
				0A59F6EE2BB2DBAC00D54C93 /* Views */,
				0AFE2A3A2BB16E3200E73C44 /* Cells */,
			);
			path = CustomViews;
			sourceTree = "<group>";
		};
		0A951BB52BB0B6E00038A1CE /* Extensions */ = {
			isa = PBXGroup;
			children = (
				0A45AC3E2BA4E4090092EDDF /* UIViewController+Ext.swift */,
				0A59F7072BB45A5300D54C93 /* Date+Ext.swift */,
				0A87F75B2BB5A470007321F1 /* UIView+Ext.swift */,
				0A87F75F2BB5B0B2007321F1 /* UITableView+Ext.swift */,
			);
			path = Extensions;
			sourceTree = "<group>";
		};
		0A951BB62BB0B71C0038A1CE /* Support */ = {
			isa = PBXGroup;
			children = (
				0A6D4C182B892E22007532EE /* AppDelegate.swift */,
				0A6D4C1A2B892E22007532EE /* SceneDelegate.swift */,
				0A6D4C212B892E23007532EE /* Assets.xcassets */,
				0A6D4C232B892E23007532EE /* LaunchScreen.storyboard */,
			);
			path = Support;
			sourceTree = "<group>";
		};
		0AFE2A2F2BB14DEB00E73C44 /* Model */ = {
			isa = PBXGroup;
			children = (
				0AFE2A302BB14DFF00E73C44 /* Follower.swift */,
				0AFE2A322BB14EF700E73C44 /* User.swift */,
			);
			path = Model;
			sourceTree = "<group>";
		};
		0AFE2A342BB1598700E73C44 /* Managers */ = {
			isa = PBXGroup;
			children = (
				0AFE2A352BB1599600E73C44 /* NetworkManager.swift */,
				0A59F70B2BB46D3800D54C93 /* PersistenceManager.swift */,
			);
			path = Managers;
			sourceTree = "<group>";
		};
		0AFE2A372BB162F100E73C44 /* Utilities */ = {
			isa = PBXGroup;
			children = (
				0AFE2A382BB1630A00E73C44 /* ErrorMessage.swift */,
				0AFE2A3F2BB1A31000E73C44 /* UIHelper.swift */,
				0A59F6FC2BB42F1800D54C93 /* Constants.swift */,
			);
			path = Utilities;
			sourceTree = "<group>";
		};
		0AFE2A3A2BB16E3200E73C44 /* Cells */ = {
			isa = PBXGroup;
			children = (
				0AFE2A3B2BB16E6800E73C44 /* FollowerCell.swift */,
				0A87F7522BB563B0007321F1 /* FavoriteCell.swift */,
			);
			path = Cells;
			sourceTree = "<group>";
		};
/* End PBXGroup section */

/* Begin PBXNativeTarget section */
		0A6D4C142B892E22007532EE /* GHFollowers */ = {
			isa = PBXNativeTarget;
			buildConfigurationList = 0A6D4C292B892E23007532EE /* Build configuration list for PBXNativeTarget "GHFollowers" */;
			buildPhases = (
				0A6D4C112B892E22007532EE /* Sources */,
				0A6D4C122B892E22007532EE /* Frameworks */,
				0A6D4C132B892E22007532EE /* Resources */,
			);
			buildRules = (
			);
			dependencies = (
			);
			name = GHFollowers;
			packageProductDependencies = (
				0A689A3D2BA094710001046C /* SnapKit */,
			);
			productName = GHFollowers;
			productReference = 0A6D4C152B892E22007532EE /* GHFollowers.app */;
			productType = "com.apple.product-type.application";
		};
/* End PBXNativeTarget section */

/* Begin PBXProject section */
		0A6D4C0D2B892E22007532EE /* Project object */ = {
			isa = PBXProject;
			attributes = {
				BuildIndependentTargetsInParallel = 1;
				LastSwiftUpdateCheck = 1520;
				LastUpgradeCheck = 1520;
				TargetAttributes = {
					0A6D4C142B892E22007532EE = {
						CreatedOnToolsVersion = 15.2;
					};
				};
			};
			buildConfigurationList = 0A6D4C102B892E22007532EE /* Build configuration list for PBXProject "GHFollowers" */;
			compatibilityVersion = "Xcode 14.0";
			developmentRegion = en;
			hasScannedForEncodings = 0;
			knownRegions = (
				en,
				Base,
			);
			mainGroup = 0A6D4C0C2B892E22007532EE;
			packageReferences = (
				0A689A3C2BA094710001046C /* XCRemoteSwiftPackageReference "SnapKit" */,
			);
			productRefGroup = 0A6D4C162B892E22007532EE /* Products */;
			projectDirPath = "";
			projectRoot = "";
			targets = (
				0A6D4C142B892E22007532EE /* GHFollowers */,
			);
		};
/* End PBXProject section */

/* Begin PBXResourcesBuildPhase section */
		0A6D4C132B892E22007532EE /* Resources */ = {
			isa = PBXResourcesBuildPhase;
			buildActionMask = 2147483647;
			files = (
				0A6D4C252B892E23007532EE /* LaunchScreen.storyboard in Resources */,
				0A6D4C222B892E23007532EE /* Assets.xcassets in Resources */,
			);
			runOnlyForDeploymentPostprocessing = 0;
		};
/* End PBXResourcesBuildPhase section */

/* Begin PBXSourcesBuildPhase section */
		0A6D4C112B892E22007532EE /* Sources */ = {
			isa = PBXSourcesBuildPhase;
			buildActionMask = 2147483647;
			files = (
				0A87F75C2BB5A470007321F1 /* UIView+Ext.swift in Sources */,
				0AFE2A332BB14EF700E73C44 /* User.swift in Sources */,
				0A6D4C332B8BF930007532EE /* GFTextField.swift in Sources */,
				0A6D4C2F2B89FB9B007532EE /* FavoritesListVC.swift in Sources */,
				0A6D4C312B8BEA43007532EE /* GFButton.swift in Sources */,
				0A45AC3F2BA4E4090092EDDF /* UIViewController+Ext.swift in Sources */,
				0AFE2A402BB1A31000E73C44 /* UIHelper.swift in Sources */,
				0A59F7012BB4518800D54C93 /* GFItemInfoVC.swift in Sources */,
				0A59F6FD2BB42F1800D54C93 /* Constants.swift in Sources */,
				0AFE2A3E2BB16EFA00E73C44 /* GFAvatarImageView.swift in Sources */,
				0A6D4C2D2B89FB62007532EE /* SearchVC.swift in Sources */,
				0A45AC3D2BA4DE460092EDDF /* GFAlertVC.swift in Sources */,
				0A59F7052BB4576100D54C93 /* GFFollowerItemVC.swift in Sources */,
				0A59F6FF2BB44C2F00D54C93 /* GFItemInfoView.swift in Sources */,
				0A87F7532BB563B0007321F1 /* FavoriteCell.swift in Sources */,
				0AFE2A3C2BB16E6800E73C44 /* FollowerCell.swift in Sources */,
				0A87F7562BB56E16007321F1 /* GFTabBarController.swift in Sources */,
				0A59F70C2BB46D3800D54C93 /* PersistenceManager.swift in Sources */,
				0AFE2A392BB1630A00E73C44 /* ErrorMessage.swift in Sources */,
				0A59F6F92BB427AF00D54C93 /* GFUserInfoHeaderVC.swift in Sources */,
				0A87F75A2BB583DD007321F1 /* GFDataLoadingVC.swift in Sources */,
				0A45AC3B2BA4DD720092EDDF /* GFBodyLabel.swift in Sources */,
				0A87F7582BB57B7F007321F1 /* GFAlertContainerView.swift in Sources */,
				0AFE2A312BB14DFF00E73C44 /* Follower.swift in Sources */,
				0A45AC392BA4DBF80092EDDF /* GFTitleLabel.swift in Sources */,
				0A59F7082BB45A5300D54C93 /* Date+Ext.swift in Sources */,
				0A59F6FB2BB4284600D54C93 /* GFSecondaryTitleLabel.swift in Sources */,
				0A59F6F52BB2DC6700D54C93 /* GFEmptyStateView.swift in Sources */,
				0AFE2A362BB1599600E73C44 /* NetworkManager.swift in Sources */,
				0A3F1EA12BA0BB8C0093C14F /* FollowerListVC.swift in Sources */,
				0A6D4C192B892E22007532EE /* AppDelegate.swift in Sources */,
				0A6D4C1B2B892E22007532EE /* SceneDelegate.swift in Sources */,
				0A87F7602BB5B0B2007321F1 /* UITableView+Ext.swift in Sources */,
				0A59F7032BB4557C00D54C93 /* GFRepoItemVC.swift in Sources */,
				0A59F6F72BB3120E00D54C93 /* UserInfoVC.swift in Sources */,
			);
			runOnlyForDeploymentPostprocessing = 0;
		};
/* End PBXSourcesBuildPhase section */

/* Begin PBXVariantGroup section */
		0A6D4C232B892E23007532EE /* LaunchScreen.storyboard */ = {
			isa = PBXVariantGroup;
			children = (
				0A6D4C242B892E23007532EE /* Base */,
			);
			name = LaunchScreen.storyboard;
			sourceTree = "<group>";
		};
/* End PBXVariantGroup section */

/* Begin XCBuildConfiguration section */
		0A6D4C272B892E23007532EE /* Debug */ = {
			isa = XCBuildConfiguration;
			buildSettings = {
				ALWAYS_SEARCH_USER_PATHS = NO;
				ASSETCATALOG_COMPILER_GENERATE_SWIFT_ASSET_SYMBOL_EXTENSIONS = YES;
				CLANG_ANALYZER_NONNULL = YES;
				CLANG_ANALYZER_NUMBER_OBJECT_CONVERSION = YES_AGGRESSIVE;
				CLANG_CXX_LANGUAGE_STANDARD = "gnu++20";
				CLANG_ENABLE_MODULES = YES;
				CLANG_ENABLE_OBJC_ARC = YES;
				CLANG_ENABLE_OBJC_WEAK = YES;
				CLANG_WARN_BLOCK_CAPTURE_AUTORELEASING = YES;
				CLANG_WARN_BOOL_CONVERSION = YES;
				CLANG_WARN_COMMA = YES;
				CLANG_WARN_CONSTANT_CONVERSION = YES;
				CLANG_WARN_DEPRECATED_OBJC_IMPLEMENTATIONS = YES;
				CLANG_WARN_DIRECT_OBJC_ISA_USAGE = YES_ERROR;
				CLANG_WARN_DOCUMENTATION_COMMENTS = YES;
				CLANG_WARN_EMPTY_BODY = YES;
				CLANG_WARN_ENUM_CONVERSION = YES;
				CLANG_WARN_INFINITE_RECURSION = YES;
				CLANG_WARN_INT_CONVERSION = YES;
				CLANG_WARN_NON_LITERAL_NULL_CONVERSION = YES;
				CLANG_WARN_OBJC_IMPLICIT_RETAIN_SELF = YES;
				CLANG_WARN_OBJC_LITERAL_CONVERSION = YES;
				CLANG_WARN_OBJC_ROOT_CLASS = YES_ERROR;
				CLANG_WARN_QUOTED_INCLUDE_IN_FRAMEWORK_HEADER = YES;
				CLANG_WARN_RANGE_LOOP_ANALYSIS = YES;
				CLANG_WARN_STRICT_PROTOTYPES = YES;
				CLANG_WARN_SUSPICIOUS_MOVE = YES;
				CLANG_WARN_UNGUARDED_AVAILABILITY = YES_AGGRESSIVE;
				CLANG_WARN_UNREACHABLE_CODE = YES;
				CLANG_WARN__DUPLICATE_METHOD_MATCH = YES;
				COPY_PHASE_STRIP = NO;
				DEBUG_INFORMATION_FORMAT = dwarf;
				ENABLE_STRICT_OBJC_MSGSEND = YES;
				ENABLE_TESTABILITY = YES;
				ENABLE_USER_SCRIPT_SANDBOXING = YES;
				GCC_C_LANGUAGE_STANDARD = gnu17;
				GCC_DYNAMIC_NO_PIC = NO;
				GCC_NO_COMMON_BLOCKS = YES;
				GCC_OPTIMIZATION_LEVEL = 0;
				GCC_PREPROCESSOR_DEFINITIONS = (
					"DEBUG=1",
					"$(inherited)",
				);
				GCC_WARN_64_TO_32_BIT_CONVERSION = YES;
				GCC_WARN_ABOUT_RETURN_TYPE = YES_ERROR;
				GCC_WARN_UNDECLARED_SELECTOR = YES;
				GCC_WARN_UNINITIALIZED_AUTOS = YES_AGGRESSIVE;
				GCC_WARN_UNUSED_FUNCTION = YES;
				GCC_WARN_UNUSED_VARIABLE = YES;
				IPHONEOS_DEPLOYMENT_TARGET = 17.2;
				LOCALIZATION_PREFERS_STRING_CATALOGS = YES;
				MTL_ENABLE_DEBUG_INFO = INCLUDE_SOURCE;
				MTL_FAST_MATH = YES;
				ONLY_ACTIVE_ARCH = YES;
				SDKROOT = iphoneos;
				SWIFT_ACTIVE_COMPILATION_CONDITIONS = "DEBUG $(inherited)";
				SWIFT_OPTIMIZATION_LEVEL = "-Onone";
			};
			name = Debug;
		};
		0A6D4C282B892E23007532EE /* Release */ = {
			isa = XCBuildConfiguration;
			buildSettings = {
				ALWAYS_SEARCH_USER_PATHS = NO;
				ASSETCATALOG_COMPILER_GENERATE_SWIFT_ASSET_SYMBOL_EXTENSIONS = YES;
				CLANG_ANALYZER_NONNULL = YES;
				CLANG_ANALYZER_NUMBER_OBJECT_CONVERSION = YES_AGGRESSIVE;
				CLANG_CXX_LANGUAGE_STANDARD = "gnu++20";
				CLANG_ENABLE_MODULES = YES;
				CLANG_ENABLE_OBJC_ARC = YES;
				CLANG_ENABLE_OBJC_WEAK = YES;
				CLANG_WARN_BLOCK_CAPTURE_AUTORELEASING = YES;
				CLANG_WARN_BOOL_CONVERSION = YES;
				CLANG_WARN_COMMA = YES;
				CLANG_WARN_CONSTANT_CONVERSION = YES;
				CLANG_WARN_DEPRECATED_OBJC_IMPLEMENTATIONS = YES;
				CLANG_WARN_DIRECT_OBJC_ISA_USAGE = YES_ERROR;
				CLANG_WARN_DOCUMENTATION_COMMENTS = YES;
				CLANG_WARN_EMPTY_BODY = YES;
				CLANG_WARN_ENUM_CONVERSION = YES;
				CLANG_WARN_INFINITE_RECURSION = YES;
				CLANG_WARN_INT_CONVERSION = YES;
				CLANG_WARN_NON_LITERAL_NULL_CONVERSION = YES;
				CLANG_WARN_OBJC_IMPLICIT_RETAIN_SELF = YES;
				CLANG_WARN_OBJC_LITERAL_CONVERSION = YES;
				CLANG_WARN_OBJC_ROOT_CLASS = YES_ERROR;
				CLANG_WARN_QUOTED_INCLUDE_IN_FRAMEWORK_HEADER = YES;
				CLANG_WARN_RANGE_LOOP_ANALYSIS = YES;
				CLANG_WARN_STRICT_PROTOTYPES = YES;
				CLANG_WARN_SUSPICIOUS_MOVE = YES;
				CLANG_WARN_UNGUARDED_AVAILABILITY = YES_AGGRESSIVE;
				CLANG_WARN_UNREACHABLE_CODE = YES;
				CLANG_WARN__DUPLICATE_METHOD_MATCH = YES;
				COPY_PHASE_STRIP = NO;
				DEBUG_INFORMATION_FORMAT = "dwarf-with-dsym";
				ENABLE_NS_ASSERTIONS = NO;
				ENABLE_STRICT_OBJC_MSGSEND = YES;
				ENABLE_USER_SCRIPT_SANDBOXING = YES;
				GCC_C_LANGUAGE_STANDARD = gnu17;
				GCC_NO_COMMON_BLOCKS = YES;
				GCC_WARN_64_TO_32_BIT_CONVERSION = YES;
				GCC_WARN_ABOUT_RETURN_TYPE = YES_ERROR;
				GCC_WARN_UNDECLARED_SELECTOR = YES;
				GCC_WARN_UNINITIALIZED_AUTOS = YES_AGGRESSIVE;
				GCC_WARN_UNUSED_FUNCTION = YES;
				GCC_WARN_UNUSED_VARIABLE = YES;
				IPHONEOS_DEPLOYMENT_TARGET = 17.2;
				LOCALIZATION_PREFERS_STRING_CATALOGS = YES;
				MTL_ENABLE_DEBUG_INFO = NO;
				MTL_FAST_MATH = YES;
				SDKROOT = iphoneos;
				SWIFT_COMPILATION_MODE = wholemodule;
				VALIDATE_PRODUCT = YES;
			};
			name = Release;
		};
		0A6D4C2A2B892E23007532EE /* Debug */ = {
			isa = XCBuildConfiguration;
			buildSettings = {
				ASSETCATALOG_COMPILER_APPICON_NAME = AppIcon;
				ASSETCATALOG_COMPILER_GLOBAL_ACCENT_COLOR_NAME = AccentColor;
				CODE_SIGN_STYLE = Automatic;
				CURRENT_PROJECT_VERSION = 1;
				DEVELOPMENT_TEAM = LH7FMGZ75D;
				GENERATE_INFOPLIST_FILE = YES;
				INFOPLIST_FILE = GHFollowers/Info.plist;
				INFOPLIST_KEY_UIApplicationSupportsIndirectInputEvents = YES;
				INFOPLIST_KEY_UILaunchStoryboardName = LaunchScreen;
				INFOPLIST_KEY_UISupportedInterfaceOrientations = UIInterfaceOrientationPortrait;
				INFOPLIST_KEY_UISupportedInterfaceOrientations_iPad = "UIInterfaceOrientationLandscapeLeft UIInterfaceOrientationLandscapeRight UIInterfaceOrientationPortrait UIInterfaceOrientationPortraitUpsideDown";
				LD_RUNPATH_SEARCH_PATHS = (
					"$(inherited)",
					"@executable_path/Frameworks",
				);
				MARKETING_VERSION = 1.0;
				PRODUCT_BUNDLE_IDENTIFIER = turgunbaeva.GHFollowers;
				PRODUCT_NAME = "$(TARGET_NAME)";
				SWIFT_EMIT_LOC_STRINGS = YES;
				SWIFT_VERSION = 5.0;
				TARGETED_DEVICE_FAMILY = "1,2";
			};
			name = Debug;
		};
		0A6D4C2B2B892E23007532EE /* Release */ = {
			isa = XCBuildConfiguration;
			buildSettings = {
				ASSETCATALOG_COMPILER_APPICON_NAME = AppIcon;
				ASSETCATALOG_COMPILER_GLOBAL_ACCENT_COLOR_NAME = AccentColor;
				CODE_SIGN_STYLE = Automatic;
				CURRENT_PROJECT_VERSION = 1;
				DEVELOPMENT_TEAM = LH7FMGZ75D;
				GENERATE_INFOPLIST_FILE = YES;
				INFOPLIST_FILE = GHFollowers/Info.plist;
				INFOPLIST_KEY_UIApplicationSupportsIndirectInputEvents = YES;
				INFOPLIST_KEY_UILaunchStoryboardName = LaunchScreen;
				INFOPLIST_KEY_UISupportedInterfaceOrientations = UIInterfaceOrientationPortrait;
				INFOPLIST_KEY_UISupportedInterfaceOrientations_iPad = "UIInterfaceOrientationLandscapeLeft UIInterfaceOrientationLandscapeRight UIInterfaceOrientationPortrait UIInterfaceOrientationPortraitUpsideDown";
				LD_RUNPATH_SEARCH_PATHS = (
					"$(inherited)",
					"@executable_path/Frameworks",
				);
				MARKETING_VERSION = 1.0;
				PRODUCT_BUNDLE_IDENTIFIER = turgunbaeva.GHFollowers;
				PRODUCT_NAME = "$(TARGET_NAME)";
				SWIFT_EMIT_LOC_STRINGS = YES;
				SWIFT_VERSION = 5.0;
				TARGETED_DEVICE_FAMILY = "1,2";
			};
			name = Release;
		};
/* End XCBuildConfiguration section */

/* Begin XCConfigurationList section */
		0A6D4C102B892E22007532EE /* Build configuration list for PBXProject "GHFollowers" */ = {
			isa = XCConfigurationList;
			buildConfigurations = (
				0A6D4C272B892E23007532EE /* Debug */,
				0A6D4C282B892E23007532EE /* Release */,
			);
			defaultConfigurationIsVisible = 0;
			defaultConfigurationName = Release;
		};
		0A6D4C292B892E23007532EE /* Build configuration list for PBXNativeTarget "GHFollowers" */ = {
			isa = XCConfigurationList;
			buildConfigurations = (
				0A6D4C2A2B892E23007532EE /* Debug */,
				0A6D4C2B2B892E23007532EE /* Release */,
			);
			defaultConfigurationIsVisible = 0;
			defaultConfigurationName = Release;
		};
/* End XCConfigurationList section */

/* Begin XCRemoteSwiftPackageReference section */
		0A689A3C2BA094710001046C /* XCRemoteSwiftPackageReference "SnapKit" */ = {
			isa = XCRemoteSwiftPackageReference;
			repositoryURL = "https://github.com/SnapKit/SnapKit.git";
			requirement = {
				kind = upToNextMajorVersion;
				minimumVersion = 5.7.1;
			};
		};
/* End XCRemoteSwiftPackageReference section */

/* Begin XCSwiftPackageProductDependency section */
		0A689A3D2BA094710001046C /* SnapKit */ = {
			isa = XCSwiftPackageProductDependency;
			package = 0A689A3C2BA094710001046C /* XCRemoteSwiftPackageReference "SnapKit" */;
			productName = SnapKit;
		};
/* End XCSwiftPackageProductDependency section */
	};
	rootObject = 0A6D4C0D2B892E22007532EE /* Project object */;
}
